lockfileVersion: '9.0'

settings:
  autoInstallPeers: true
  excludeLinksFromLockfile: false

importers:

  .:
    devDependencies:
      '@rslib/core':
        specifier: ^0.20.0
        version: 0.20.0(core-js@3.47.0)(typescript@6.0.2)
      '@rslint/core':
        specifier: ^0.3.3
        version: 0.3.3
      '@rstest/core':
        specifier: ^0.9.4
        version: 0.9.4(core-js@3.47.0)
      '@types/node':
        specifier: ^24.12.0
        version: 24.12.0
      path-serializer:
        specifier: ^0.6.0
        version: 0.6.0
      prettier:
        specifier: ^3.8.1
        version: 3.8.1
      strip-ansi:
        specifier: ^7.2.0
        version: 7.2.0
      supports-color:
        specifier: ^10.2.2
        version: 10.2.2
      typescript:
        specifier: ^6.0.2
        version: 6.0.2

packages:

  '@ast-grep/napi-darwin-arm64@0.37.0':
    resolution: {integrity: sha512-QAiIiaAbLvMEg/yBbyKn+p1gX2/FuaC0SMf7D7capm/oG4xGMzdeaQIcSosF4TCxxV+hIH4Bz9e4/u7w6Bnk3Q==}
    engines: {node: '>= 10'}
    cpu: [arm64]
    os: [darwin]

  '@ast-grep/napi-darwin-x64@0.37.0':
    resolution: {integrity: sha512-zvcvdgekd4ySV3zUbUp8HF5nk5zqwiMXTuVzTUdl/w08O7JjM6XPOIVT+d2o/MqwM9rsXdzdergY5oY2RdhSPA==}
    engines: {node: '>= 10'}
    cpu: [x64]
    os: [darwin]

  '@ast-grep/napi-linux-arm64-gnu@0.37.0':
    resolution: {integrity: sha512-L7Sj0lXy8X+BqSMgr1LB8cCoWk0rericdeu+dC8/c8zpsav5Oo2IQKY1PmiZ7H8IHoFBbURLf8iklY9wsD+cyA==}
    engines: {node: '>= 10'}
    cpu: [arm64]
    os: [linux]
    libc: [glibc]

  '@ast-grep/napi-linux-arm64-musl@0.37.0':
    resolution: {integrity: sha512-LF9sAvYy6es/OdyJDO3RwkX3I82Vkfsng1sqUBcoWC1jVb1wX5YVzHtpQox9JrEhGl+bNp7FYxB4Qba9OdA5GA==}
    engines: {node: '>= 10'}
    cpu: [arm64]
    os: [linux]
    libc: [musl]

  '@ast-grep/napi-linux-x64-gnu@0.37.0':
    resolution: {integrity: sha512-TViz5/klqre6aSmJzswEIjApnGjJzstG/SE8VDWsrftMBMYt2PTu3MeluZVwzSqDao8doT/P+6U11dU05UOgxw==}
    engines: {node: '>= 10'}
    cpu: [x64]
    os: [linux]
    libc: [glibc]

  '@ast-grep/napi-linux-x64-musl@0.37.0':
    resolution: {integrity: sha512-/BcCH33S9E3ovOAEoxYngUNXgb+JLg991sdyiNP2bSoYd30a9RHrG7CYwW6fMgua3ijQ474eV6cq9yZO1bCpXg==}
    engines: {node: '>= 10'}
    cpu: [x64]
    os: [linux]
    libc: [musl]

  '@ast-grep/napi-win32-arm64-msvc@0.37.0':
    resolution: {integrity: sha512-TjQA4cFoIEW2bgjLkaL9yqT4XWuuLa5MCNd0VCDhGRDMNQ9+rhwi9eLOWRaap3xzT7g+nlbcEHL3AkVCD2+b3A==}
    engines: {node: '>= 10'}
    cpu: [arm64]
    os: [win32]

  '@ast-grep/napi-win32-ia32-msvc@0.37.0':
    resolution: {integrity: sha512-uNmVka8fJCdYsyOlF9aZqQMLTatEYBynjChVTzUfFMDfmZ0bihs/YTqJVbkSm8TZM7CUX82apvn50z/dX5iWRA==}
    engines: {node: '>= 10'}
    cpu: [ia32]
    os: [win32]

  '@ast-grep/napi-win32-x64-msvc@0.37.0':
    resolution: {integrity: sha512-vCiFOT3hSCQuHHfZ933GAwnPzmL0G04JxQEsBRfqONywyT8bSdDc/ECpAfr3S9VcS4JZ9/F6tkePKW/Om2Dq2g==}
    engines: {node: '>= 10'}
    cpu: [x64]
    os: [win32]

  '@ast-grep/napi@0.37.0':
    resolution: {integrity: sha512-Hb4o6h1Pf6yRUAX07DR4JVY7dmQw+RVQMW5/m55GoiAT/VRoKCWBtIUPPOnqDVhbx1Cjfil9b6EDrgJsUAujEQ==}
    engines: {node: '>= 10'}

  '@emnapi/core@1.5.0':
    resolution: {integrity: sha512-sbP8GzB1WDzacS8fgNPpHlp6C9VZe+SJP3F90W9rLemaQj2PzIuTEl1qDOYQf58YIpyjViI24y9aPWCjEzY2cg==}

  '@emnapi/runtime@1.5.0':
    resolution: {integrity: sha512-97/BJ3iXHww3djw6hYIfErCZFee7qCtrneuLa20UXFCOTCfBM2cvQHjWJ2EG0s0MtdNwInarqCTz35i4wWXHsQ==}

  '@emnapi/wasi-threads@1.1.0':
    resolution: {integrity: sha512-WI0DdZ8xFSbgMjR1sFsKABJ/C5OnRrjT06JXbZKexJGrDuPTzZdDYfFlsgcCXCyf+suG5QU2e/y1Wo2V/OapLQ==}

  '@napi-rs/wasm-runtime@1.0.7':
    resolution: {integrity: sha512-SeDnOO0Tk7Okiq6DbXmmBODgOAb9dp9gjlphokTUxmt8U3liIP1ZsozBahH69j/RJv+Rfs6IwUKHTgQYJ/HBAw==}

  '@rsbuild/core@2.0.0-beta.8':
    resolution: {integrity: sha512-MUxbKJPE1agOK3eCHjKvBIiA+CcZ0TJU/ANKDBLMjK2Er+wq4r5c2ne53+Pi7DtIExoMbSSWBx+RP3CMewKGVA==}
    engines: {node: ^20.19.0 || >=22.12.0}
    hasBin: true
    peerDependencies:
      core-js: '>= 3.0.0'
    peerDependenciesMeta:
      core-js:
        optional: true

  '@rsbuild/core@2.0.0-beta.9':
    resolution: {integrity: sha512-WRDnxRWqIO+/RawCKwL2nB6EDAOuGqDznuIkVih4r5H5OEW+WgfcV/U8PUgn+n6+ZfFaXNBJnZBCsgKSNcHfXA==}
    engines: {node: ^20.19.0 || >=22.12.0}
    hasBin: true
    peerDependencies:
      core-js: '>= 3.0.0'
    peerDependenciesMeta:
      core-js:
        optional: true

  '@rslib/core@0.20.0':
    resolution: {integrity: sha512-hsRwjMbBla8lyKIVR0gFsK5M3j+LSbFOTafvbT0QR90ehZXwlu+EhpHJv8v/uIRT50RVlgCrcT+LCVr1oU3pbA==}
    engines: {node: ^20.19.0 || >=22.12.0}
    hasBin: true
    peerDependencies:
      '@microsoft/api-extractor': ^7
      typescript: ^5
    peerDependenciesMeta:
      '@microsoft/api-extractor':
        optional: true
      typescript:
        optional: true

  '@rslint/core@0.3.3':
    resolution: {integrity: sha512-QtXXmAEAmMr4okkmQ3pHpTSifdkhzZHnLHiSVb/LnvCw8bOgooG9nfUihhGFgB0ezwRQ+vFr5vaHTEgx7tj5dw==}
    hasBin: true
    peerDependencies:
      jiti: ^2.0.0
    peerDependenciesMeta:
      jiti:
        optional: true

  '@rslint/darwin-arm64@0.3.3':
    resolution: {integrity: sha512-uEyVAg1lJhiZIvVtF++UScNL2jkN8OcjJEERVTbRSMjQX0Kro3BQki5A9qm4pkcPb9db6GDC8xCfMY0HHmziSw==}
    cpu: [arm64]
    os: [darwin]

  '@rslint/darwin-x64@0.3.3':
    resolution: {integrity: sha512-9K+6NQSnesba/fqtTu5dqVuIsUWNj2rivZVi8eIUyA/kqA2Q+yT3yyxV+8+0RVHWVWBWNcpqDbZs0zHEWbJ1pA==}
    cpu: [x64]
    os: [darwin]

  '@rslint/linux-arm64@0.3.3':
    resolution: {integrity: sha512-w2xtaWG39w9YIaHuLExjBDmvr445b74eHUv4TqwtL+SvDVA74rQAKzRJdiAsM+bN8KCYIcx5vinVqKw89QzfoQ==}
    cpu: [arm64]
    os: [linux]

  '@rslint/linux-x64@0.3.3':
    resolution: {integrity: sha512-zb98H2hpSeyhQdVXBm4YEfvcL1jhicHv/nSLxQbCWg0+vMkKcvCNmy8kq9KzvR00if1jmoxnVYxSH0ZWfSzlVg==}
    cpu: [x64]
    os: [linux]

  '@rslint/win32-arm64@0.3.3':
    resolution: {integrity: sha512-z3Q/llH2X2UEGCD4RT2ogeDMQezTqKoxXND0lEvn3PuCr7egXSc9mwsTCXlmmuegusdlojE436XSijx95TWvfw==}
    cpu: [arm64]
    os: [win32]

  '@rslint/win32-x64@0.3.3':
    resolution: {integrity: sha512-NZnrLKaWqZPSoObkg4FcLMf5uyhFBGegXDuCDafPYZtV8l9ZkRzj5bHWLfkII7UtNLROV7EeS7PuHq5JI/nbgw==}
    cpu: [x64]
    os: [win32]

  '@rspack/binding-darwin-arm64@2.0.0-beta.6':
    resolution: {integrity: sha512-FQ8zflthQJJf0cM0vDFnfnXrTOnRvwz886tiafbwu1RO5qmh+pJH+xg1eQaLPnRPqLTlcmnpngyacYFUxw+1AA==}
    cpu: [arm64]
    os: [darwin]

  '@rspack/binding-darwin-arm64@2.0.0-beta.7':
    resolution: {integrity: sha512-I8qhHJ4yQuaEw2s/LnpD7kuNuFoOjvu2v6h/erDZY8m4pArC0PhujYANApyDmqE69eMCN97dcnooR/3txDSUEA==}
    cpu: [arm64]
    os: [darwin]

  '@rspack/binding-darwin-x64@2.0.0-beta.6':
    resolution: {integrity: sha512-Cr4P19anOIaHtK8Z20Hl12PPUcs3LM24ZSQPfs0gPS0etzSOE4JRsqW/79GnnjZd/A+Wola/dZcnMVS44e3c3A==}
    cpu: [x64]
    os: [darwin]

  '@rspack/binding-darwin-x64@2.0.0-beta.7':
    resolution: {integrity: sha512-v3UjBYIWCup87WG13mErO2yZARNUL9flgq9gl4O0Y1H83BsbIclck8GroJAU2Vg16xAt4vTNjkx5FcllsPxAjg==}
    cpu: [x64]
    os: [darwin]

  '@rspack/binding-linux-arm64-gnu@2.0.0-beta.6':
    resolution: {integrity: sha512-MgTzspaj3v9/4T3KQ/fRuj+cit3BnEcgFe4OP+BvUWlTQvxlckDWpDymVhPuIqpx7pJvLcXwdz8mQhvZ87AD5g==}
    cpu: [arm64]
    os: [linux]
    libc: [glibc]

  '@rspack/binding-linux-arm64-gnu@2.0.0-beta.7':
    resolution: {integrity: sha512-MR5OmEscDXhRF9NoUG4tBArKAlmyxkWq3DM++UxNP8+fAKjoTJQ6Tp/2eTTUItoSE1Ymu4X1neJv+nzTSWSu2Q==}
    cpu: [arm64]
    os: [linux]
    libc: [glibc]

  '@rspack/binding-linux-arm64-musl@2.0.0-beta.6':
    resolution: {integrity: sha512-5vyjbrj3u8x4Crb77QvFJSZkq7QwOuVJff8oStbS/v7cC+NEAQQYB/6Bl0JwyDFAcMMX8ZRyaDjc1o1qQ0Q31g==}
    cpu: [arm64]
    os: [linux]
    libc: [musl]

  '@rspack/binding-linux-arm64-musl@2.0.0-beta.7':
    resolution: {integrity: sha512-cDodToY/gVWviKOPVHDsnmsW95gdXuRyXocGPWCgps/EhCpwCLIMnddoubXFcqzx7cwV93hmHj4w3fmG7eaZXw==}
    cpu: [arm64]
    os: [linux]
    libc: [musl]

  '@rspack/binding-linux-x64-gnu@2.0.0-beta.6':
    resolution: {integrity: sha512-GmNJgFHoK5LFQ2m96HrXIgf1zZNe+4yaaOD/5qqcI163QXRqRflfZprmdr2L4R6VsU2i+YQ2Ap2s20Y/zSt6RQ==}
    cpu: [x64]
    os: [linux]
    libc: [glibc]

  '@rspack/binding-linux-x64-gnu@2.0.0-beta.7':
    resolution: {integrity: sha512-NgUBIyQ8m0gadf/DOO5ToVNKuzUDHlERVC3Aqvsrytp/TJOqZDiSs8xQGYbbIOtVc7AfVIQl/Fsotr25Eircmg==}
    cpu: [x64]
    os: [linux]
    libc: [glibc]

  '@rspack/binding-linux-x64-musl@2.0.0-beta.6':
    resolution: {integrity: sha512-tI2S3v8yXel5GL3yPnBNnFZ/dye4TyRM2j7mfJ49M6uTWjfRFyAcuxqw7z9Pyvyhsc1AoOnnXejtqqJpZkBQoA==}
    cpu: [x64]
    os: [linux]
    libc: [musl]

  '@rspack/binding-linux-x64-musl@2.0.0-beta.7':
    resolution: {integrity: sha512-GB7db46b2bIq5pda0aR4iI/vCtD3x3amsJQYUJpGDY4uVKMnODWXuOwVMp5H83lRdHxKsc0iFe+yZJvQ2yhesQ==}
    cpu: [x64]
    os: [linux]
    libc: [musl]

  '@rspack/binding-wasm32-wasi@2.0.0-beta.6':
    resolution: {integrity: sha512-Bv9o1zZIDTOzjbliyAwMOGjsL6wiGIPRttJ9CLsdRoKI5XcMTEFHjwlnm1Zs4/EP+zC+bTgseq1EFngIy+nZRg==}
    cpu: [wasm32]

  '@rspack/binding-wasm32-wasi@2.0.0-beta.7':
    resolution: {integrity: sha512-wnH4qGb8pH+LFmgIdef8EOQVc5QMMaay5+D7Dp6IfiBGmY/242Imy+e16Qcwxnr1QCwvfrgxcCkus40vM1ujMw==}
    cpu: [wasm32]

  '@rspack/binding-win32-arm64-msvc@2.0.0-beta.6':
    resolution: {integrity: sha512-R/j0VTVKn3gU4a0xKAXJUX6jzmanHsuBHtLSpgnRqKW/20csFzsnsqY9PxaiAObTHVPMCrNvTG5KXHYIqYgACg==}
    cpu: [arm64]
    os: [win32]

  '@rspack/binding-win32-arm64-msvc@2.0.0-beta.7':
    resolution: {integrity: sha512-gImxvBR5Ki2B+xRdzzXhv6AjUiLI7JzBJxDrNLagap4rs018KaYtEiwkhqaYnDNTcynibflZYGYjS8vjwoqwpA==}
    cpu: [arm64]
    os: [win32]

  '@rspack/binding-win32-ia32-msvc@2.0.0-beta.6':
    resolution: {integrity: sha512-v3Gc+gRFTBNLSmyHAgI6mE30W94T0g8jD7S1qamUfX6i50YjDylyiMG1prG/8i/YVNWQynQeQi4Cjfg+Hi7alQ==}
    cpu: [ia32]
    os: [win32]

  '@rspack/binding-win32-ia32-msvc@2.0.0-beta.7':
    resolution: {integrity: sha512-/fzINtJkc5daz99ikOb7m7MbkTlfEwJ+n8QUlNUQ3F2Q6MRHzBQ5JjyDleuzu1sb5yEwAheCsqsq0kjL98YqNA==}
    cpu: [ia32]
    os: [win32]

  '@rspack/binding-win32-x64-msvc@2.0.0-beta.6':
    resolution: {integrity: sha512-PjaKOG2rQqzOwsmu03EAyTb7oA52CrO1I8JXiBT07adrDysHvKV/Gi+P0XPuDLDMnxNpndoGJMmvfxsymRpwyA==}
    cpu: [x64]
    os: [win32]

  '@rspack/binding-win32-x64-msvc@2.0.0-beta.7':
    resolution: {integrity: sha512-QrGSz8G1L7ePcW4mb5zslm8zBBRNDc0orqG4mCBWcgFMZE5Ujt1EUiBDK1Tti7/cVK+H8FdtulzKIJDYSMWKwQ==}
    cpu: [x64]
    os: [win32]

  '@rspack/binding@2.0.0-beta.6':
    resolution: {integrity: sha512-oJytPDJT57cz2is0e/e1myWVNxn+ZcII1/fF2Y3TiXVUIihLC/KDm6ISTgaZKr8ZyjTlVIV3V4wSO7IHlYV6aw==}

  '@rspack/binding@2.0.0-beta.7':
    resolution: {integrity: sha512-D5ycNB5gpYpsM7SwFohcbg0LooB1bmYEeTYRLPRuwXeN0Tp/Alq4iq4/32iaF1I9NcxgQddx2NERXzlxguvYeQ==}

  '@rspack/core@2.0.0-beta.6':
    resolution: {integrity: sha512-dvi10ijR9Rr0W75GRFqWvswAEdLBsbXCGhxzm6zXxFNSanNL9s9xPelZ8XfnIU13QZkN2VNHGl9O/8KQEmYdEw==}
    engines: {node: ^20.19.0 || >=22.12.0}
    peerDependencies:
      '@module-federation/runtime-tools': ^0.24.1 || ^2.0.0
      '@swc/helpers': '>=0.5.1'
    peerDependenciesMeta:
      '@module-federation/runtime-tools':
        optional: true
      '@swc/helpers':
        optional: true

  '@rspack/core@2.0.0-beta.7':
    resolution: {integrity: sha512-JbLVx0RptvNvPx3Tj+b96v4lxLvcV9YId2VWJ1DmYlQ+oFJJrjjdQtr3KJitU5tEIySW1CqD1R6qxU3BzpwEjw==}
    engines: {node: ^20.19.0 || >=22.12.0}
    peerDependencies:
      '@module-federation/runtime-tools': ^0.24.1 || ^2.0.0
      '@swc/helpers': '>=0.5.1'
    peerDependenciesMeta:
      '@module-federation/runtime-tools':
        optional: true
      '@swc/helpers':
        optional: true

  '@rstest/core@0.9.4':
    resolution: {integrity: sha512-rbwoQ9hQ7SN5yzdWfCuaQSUvdU21JnKj4Bx1AQatC72XEb0r2cyyPenbNs6fAes1NP9tw5U71WnOrZRtT/ia5g==}
    engines: {node: ^20.19.0 || >=22.12.0}
    hasBin: true
    peerDependencies:
      happy-dom: ^20.8.3
      jsdom: '*'
    peerDependenciesMeta:
      happy-dom:
        optional: true
      jsdom:
        optional: true

  '@swc/helpers@0.5.19':
    resolution: {integrity: sha512-QamiFeIK3txNjgUTNppE6MiG3p7TdninpZu0E0PbqVh1a9FNLT2FRhisaa4NcaX52XVhA5l7Pk58Ft7Sqi/2sA==}

  '@tybys/wasm-util@0.10.1':
    resolution: {integrity: sha512-9tTaPJLSiejZKx+Bmog4uSubteqTvFrVrURwkmHixBo0G4seD0zUxp98E1DzUBJxLQ3NPwXrGKDiVjwx/DpPsg==}

  '@types/chai@5.2.3':
    resolution: {integrity: sha512-Mw558oeA9fFbv65/y4mHtXDs9bPnFMZAL/jxdPFUpOHHIXX91mcgEHbS5Lahr+pwZFR8A7GQleRWeI6cGFC2UA==}

  '@types/deep-eql@4.0.2':
    resolution: {integrity: sha512-c9h9dVVMigMPc4bwTvC5dxqtqJZwQPePsWjPlpSOnojbor6pGqdk541lfA7AqFQr5pB1BRdq0juY9db81BwyFw==}

  '@types/node@24.12.0':
    resolution: {integrity: sha512-GYDxsZi3ChgmckRT9HPU0WEhKLP08ev/Yfcq2AstjrDASOYCSXeyjDsHg4v5t4jOj7cyDX3vmprafKlWIG9MXQ==}

  ansi-regex@6.2.2:
    resolution: {integrity: sha512-Bq3SmSpyFHaWjPk8If9yc6svM8c56dB5BAtW4Qbw5jHTwwXXcTLoRMkpDJp6VL0XzlWaCHTXrkFURMYmD0sLqg==}
    engines: {node: '>=12'}

  assertion-error@2.0.1:
    resolution: {integrity: sha512-Izi8RQcffqCeNVgFigKli1ssklIbpHnCYc6AknXGYoB6grJqyeby7jv12JUQgmTAnIDnbck1uxksT4dzN3PWBA==}
    engines: {node: '>=12'}

  core-js@3.47.0:
    resolution: {integrity: sha512-c3Q2VVkGAUyupsjRnaNX6u8Dq2vAdzm9iuPj5FW0fRxzlxgq9Q39MDq10IvmQSpLgHQNyQzQmOo6bgGHmH3NNg==}

  path-serializer@0.6.0:
    resolution: {integrity: sha512-LlnjpuCARGnJ4X3IirMg0qozvqyTQHmM5ZqUDYmz+yanhjHSP5BqpmgHkOjiFHad9+bYNW9f5ECXv1tUyw2B9A==}

  prettier@3.8.1:
    resolution: {integrity: sha512-UOnG6LftzbdaHZcKoPFtOcCKztrQ57WkHDeRD9t/PTQtmT0NHSeWWepj6pS0z/N7+08BHFDQVUrfmfMRcZwbMg==}
    engines: {node: '>=14'}
    hasBin: true

  rsbuild-plugin-dts@0.20.0:
    resolution: {integrity: sha512-CnTJTB59zzQFjPVEjpOaaEw5BeK/eTY6kwt4l5Lr9d3HQk3VRDSKfLWY/hpeZMbZzpCk2TqLrqIhS6a+jg7k7g==}
    engines: {node: ^20.19.0 || >=22.12.0}
    peerDependencies:
      '@microsoft/api-extractor': ^7
      '@rsbuild/core': ^1.0.0 || ^2.0.0-0
      '@typescript/native-preview': 7.x
      typescript: ^5
    peerDependenciesMeta:
      '@microsoft/api-extractor':
        optional: true
      '@typescript/native-preview':
        optional: true
      typescript:
        optional: true

  strip-ansi@7.2.0:
    resolution: {integrity: sha512-yDPMNjp4WyfYBkHnjIRLfca1i6KMyGCtsVgoKe/z1+6vukgaENdgGBZt+ZmKPc4gavvEZ5OgHfHdrazhgNyG7w==}
    engines: {node: '>=12'}

  supports-color@10.2.2:
    resolution: {integrity: sha512-SS+jx45GF1QjgEXQx4NJZV9ImqmO2NPz5FNsIHrsDjh2YsHnawpan7SNQ1o8NuhrbHZy9AZhIoCUiCeaW/C80g==}
    engines: {node: '>=18'}

  tinypool@2.1.0:
    resolution: {integrity: sha512-Pugqs6M0m7Lv1I7FtxN4aoyToKg1C4tu+/381vH35y8oENM/Ai7f7C4StcoK4/+BSw9ebcS8jRiVrORFKCALLw==}
    engines: {node: ^20.0.0 || >=22.0.0}

  tslib@2.8.1:
    resolution: {integrity: sha512-oJFu94HQb+KVduSUQL7wnpmqnfmLsOA/nAh6b6EH0wCEoK0/mPeXU6c3wKDV83MkOuHPRHtSXKKU99IBazS/2w==}

  typescript@6.0.2:
    resolution: {integrity: sha512-bGdAIrZ0wiGDo5l8c++HWtbaNCWTS4UTv7RaTH/ThVIgjkveJt83m74bBHMJkuCbslY8ixgLBVZJIOiQlQTjfQ==}
    engines: {node: '>=14.17'}
    hasBin: true

  undici-types@7.16.0:
    resolution: {integrity: sha512-Zz+aZWSj8LE6zoxD+xrjh4VfkIG8Ya6LvYkZqtUQGJPZjYl53ypCaUwWqo7eI0x66KBGeRo+mlBEkMSeSZ38Nw==}

snapshots:

  '@ast-grep/napi-darwin-arm64@0.37.0':
    optional: true

  '@ast-grep/napi-darwin-x64@0.37.0':
    optional: true

  '@ast-grep/napi-linux-arm64-gnu@0.37.0':
    optional: true

  '@ast-grep/napi-linux-arm64-musl@0.37.0':
    optional: true

  '@ast-grep/napi-linux-x64-gnu@0.37.0':
    optional: true

  '@ast-grep/napi-linux-x64-musl@0.37.0':
    optional: true

  '@ast-grep/napi-win32-arm64-msvc@0.37.0':
    optional: true

  '@ast-grep/napi-win32-ia32-msvc@0.37.0':
    optional: true

  '@ast-grep/napi-win32-x64-msvc@0.37.0':
    optional: true

  '@ast-grep/napi@0.37.0':
    optionalDependencies:
      '@ast-grep/napi-darwin-arm64': 0.37.0
      '@ast-grep/napi-darwin-x64': 0.37.0
      '@ast-grep/napi-linux-arm64-gnu': 0.37.0
      '@ast-grep/napi-linux-arm64-musl': 0.37.0
      '@ast-grep/napi-linux-x64-gnu': 0.37.0
      '@ast-grep/napi-linux-x64-musl': 0.37.0
      '@ast-grep/napi-win32-arm64-msvc': 0.37.0
      '@ast-grep/napi-win32-ia32-msvc': 0.37.0
      '@ast-grep/napi-win32-x64-msvc': 0.37.0

  '@emnapi/core@1.5.0':
    dependencies:
      '@emnapi/wasi-threads': 1.1.0
      tslib: 2.8.1
    optional: true

  '@emnapi/runtime@1.5.0':
    dependencies:
      tslib: 2.8.1
    optional: true

  '@emnapi/wasi-threads@1.1.0':
    dependencies:
      tslib: 2.8.1
    optional: true

  '@napi-rs/wasm-runtime@1.0.7':
    dependencies:
      '@emnapi/core': 1.5.0
      '@emnapi/runtime': 1.5.0
      '@tybys/wasm-util': 0.10.1
    optional: true

  '@rsbuild/core@2.0.0-beta.8(core-js@3.47.0)':
    dependencies:
      '@rspack/core': 2.0.0-beta.6(@swc/helpers@0.5.19)
      '@swc/helpers': 0.5.19
    optionalDependencies:
      core-js: 3.47.0
    transitivePeerDependencies:
      - '@module-federation/runtime-tools'

  '@rsbuild/core@2.0.0-beta.9(core-js@3.47.0)':
    dependencies:
      '@rspack/core': 2.0.0-beta.7(@swc/helpers@0.5.19)
      '@swc/helpers': 0.5.19
    optionalDependencies:
      core-js: 3.47.0
    transitivePeerDependencies:
      - '@module-federation/runtime-tools'

  '@rslib/core@0.20.0(core-js@3.47.0)(typescript@6.0.2)':
    dependencies:
      '@rsbuild/core': 2.0.0-beta.8(core-js@3.47.0)
      rsbuild-plugin-dts: 0.20.0(@rsbuild/core@2.0.0-beta.8(core-js@3.47.0))(typescript@6.0.2)
    optionalDependencies:
      typescript: 6.0.2
    transitivePeerDependencies:
      - '@module-federation/runtime-tools'
      - '@typescript/native-preview'
      - core-js

  '@rslint/core@0.3.3':
    optionalDependencies:
      '@rslint/darwin-arm64': 0.3.3
      '@rslint/darwin-x64': 0.3.3
      '@rslint/linux-arm64': 0.3.3
      '@rslint/linux-x64': 0.3.3
      '@rslint/win32-arm64': 0.3.3
      '@rslint/win32-x64': 0.3.3

  '@rslint/darwin-arm64@0.3.3':
    optional: true

  '@rslint/darwin-x64@0.3.3':
    optional: true

  '@rslint/linux-arm64@0.3.3':
    optional: true

  '@rslint/linux-x64@0.3.3':
    optional: true

  '@rslint/win32-arm64@0.3.3':
    optional: true

  '@rslint/win32-x64@0.3.3':
    optional: true

  '@rspack/binding-darwin-arm64@2.0.0-beta.6':
    optional: true

  '@rspack/binding-darwin-arm64@2.0.0-beta.7':
    optional: true

  '@rspack/binding-darwin-x64@2.0.0-beta.6':
    optional: true

  '@rspack/binding-darwin-x64@2.0.0-beta.7':
    optional: true

  '@rspack/binding-linux-arm64-gnu@2.0.0-beta.6':
    optional: true

  '@rspack/binding-linux-arm64-gnu@2.0.0-beta.7':
    optional: true

  '@rspack/binding-linux-arm64-musl@2.0.0-beta.6':
    optional: true

  '@rspack/binding-linux-arm64-musl@2.0.0-beta.7':
    optional: true

  '@rspack/binding-linux-x64-gnu@2.0.0-beta.6':
    optional: true

  '@rspack/binding-linux-x64-gnu@2.0.0-beta.7':
    optional: true

  '@rspack/binding-linux-x64-musl@2.0.0-beta.6':
    optional: true

  '@rspack/binding-linux-x64-musl@2.0.0-beta.7':
    optional: true

  '@rspack/binding-wasm32-wasi@2.0.0-beta.6':
    dependencies:
      '@napi-rs/wasm-runtime': 1.0.7
    optional: true

  '@rspack/binding-wasm32-wasi@2.0.0-beta.7':
    dependencies:
      '@napi-rs/wasm-runtime': 1.0.7
    optional: true

  '@rspack/binding-win32-arm64-msvc@2.0.0-beta.6':
    optional: true

  '@rspack/binding-win32-arm64-msvc@2.0.0-beta.7':
    optional: true

  '@rspack/binding-win32-ia32-msvc@2.0.0-beta.6':
    optional: true

  '@rspack/binding-win32-ia32-msvc@2.0.0-beta.7':
    optional: true

  '@rspack/binding-win32-x64-msvc@2.0.0-beta.6':
    optional: true

  '@rspack/binding-win32-x64-msvc@2.0.0-beta.7':
    optional: true

  '@rspack/binding@2.0.0-beta.6':
    optionalDependencies:
      '@rspack/binding-darwin-arm64': 2.0.0-beta.6
      '@rspack/binding-darwin-x64': 2.0.0-beta.6
      '@rspack/binding-linux-arm64-gnu': 2.0.0-beta.6
      '@rspack/binding-linux-arm64-musl': 2.0.0-beta.6
      '@rspack/binding-linux-x64-gnu': 2.0.0-beta.6
      '@rspack/binding-linux-x64-musl': 2.0.0-beta.6
      '@rspack/binding-wasm32-wasi': 2.0.0-beta.6
      '@rspack/binding-win32-arm64-msvc': 2.0.0-beta.6
      '@rspack/binding-win32-ia32-msvc': 2.0.0-beta.6
      '@rspack/binding-win32-x64-msvc': 2.0.0-beta.6

  '@rspack/binding@2.0.0-beta.7':
    optionalDependencies:
      '@rspack/binding-darwin-arm64': 2.0.0-beta.7
      '@rspack/binding-darwin-x64': 2.0.0-beta.7
      '@rspack/binding-linux-arm64-gnu': 2.0.0-beta.7
      '@rspack/binding-linux-arm64-musl': 2.0.0-beta.7
      '@rspack/binding-linux-x64-gnu': 2.0.0-beta.7
      '@rspack/binding-linux-x64-musl': 2.0.0-beta.7
      '@rspack/binding-wasm32-wasi': 2.0.0-beta.7
      '@rspack/binding-win32-arm64-msvc': 2.0.0-beta.7
      '@rspack/binding-win32-ia32-msvc': 2.0.0-beta.7
      '@rspack/binding-win32-x64-msvc': 2.0.0-beta.7

  '@rspack/core@2.0.0-beta.6(@swc/helpers@0.5.19)':
    dependencies:
      '@rspack/binding': 2.0.0-beta.6
    optionalDependencies:
      '@swc/helpers': 0.5.19

  '@rspack/core@2.0.0-beta.7(@swc/helpers@0.5.19)':
    dependencies:
      '@rspack/binding': 2.0.0-beta.7
    optionalDependencies:
      '@swc/helpers': 0.5.19

  '@rstest/core@0.9.4(core-js@3.47.0)':
    dependencies:
      '@rsbuild/core': 2.0.0-beta.9(core-js@3.47.0)
      '@types/chai': 5.2.3
      tinypool: 2.1.0
    transitivePeerDependencies:
      - '@module-federation/runtime-tools'
      - core-js

  '@swc/helpers@0.5.19':
    dependencies:
      tslib: 2.8.1

  '@tybys/wasm-util@0.10.1':
    dependencies:
      tslib: 2.8.1
    optional: true

  '@types/chai@5.2.3':
    dependencies:
      '@types/deep-eql': 4.0.2
      assertion-error: 2.0.1

  '@types/deep-eql@4.0.2': {}

  '@types/node@24.12.0':
    dependencies:
      undici-types: 7.16.0

  ansi-regex@6.2.2: {}

  assertion-error@2.0.1: {}

  core-js@3.47.0:
    optional: true

  path-serializer@0.6.0: {}

  prettier@3.8.1: {}

  rsbuild-plugin-dts@0.20.0(@rsbuild/core@2.0.0-beta.8(core-js@3.47.0))(typescript@6.0.2):
    dependencies:
      '@ast-grep/napi': 0.37.0
      '@rsbuild/core': 2.0.0-beta.8(core-js@3.47.0)
    optionalDependencies:
      typescript: 6.0.2

  strip-ansi@7.2.0:
    dependencies:
      ansi-regex: 6.2.2

  supports-color@10.2.2: {}

  tinypool@2.1.0: {}

  tslib@2.8.1: {}

  typescript@6.0.2: {}

  undici-types@7.16.0: {}
